
Microsoft Visual Studio Solution File, Format Version 12.00
# Visual Studio Version 16
VisualStudioVersion = 16.0.32510.428
MinimumVisualStudioVersion = 10.0.40219.1
Project("{FAE04EC0-301F-11D3-BF4B-00C04F79EFBC}") = "WebProject", "WebProject\WebProject.csproj", "{5F1F4858-9E1F-455A-A847-5A5EED664C84}"
EndProject
Global
	GlobalSection(SolutionConfigurationPlatforms) = preSolution
		Debug|Any CPU = Debug|Any CPU
		Release|Any CPU = Release|Any CPU
	EndGlobalSection
	GlobalSection(ProjectConfigurationPlatforms) = postSolution
		{5F1F4858-9E1F-455A-A847-5A5EED664C84}.Debug|Any CPU.ActiveCfg = Debug|Any CPU
		{5F1F4858-9E1F-455A-A847-5A5EED664C84}.Debug|Any CPU.Build.0 = Debug|Any CPU
		{5F1F4858-9E1F-455A-A847-5A5EED664C84}.Release|Any CPU.ActiveCfg = Release|Any CPU
		{5F1F4858-9E1F-455A-A847-5A5EED664C84}.Release|Any CPU.Build.0 = Release|Any CPU
	EndGlobalSection
	GlobalSection(SolutionProperties) = preSolution
		HideSolutionNode = FALSE
	EndGlobalSection
	GlobalSection(ExtensibilityGlobals) = postSolution
		SolutionGuid = {E3166596-4D66-4D6A-BD8E-80E3B15E9DC3}
	EndGlobalSection
EndGlobal
